// !$*UTF8*$!
{
	archiveVersion = 1;
	classes = {
	};
	objectVersion = 46;
	objects = {

/* Begin PBXBuildFile section */
		7FFC3C5D192595570058AD40 /* Foundation.framework in Frameworks */ = {isa = PBXBuildFile; fileRef = 7FFC3C5C192595570058AD40 /* Foundation.framework */; };
		7FFC3C5F192595570058AD40 /* CoreGraphics.framework in Frameworks */ = {isa = PBXBuildFile; fileRef = 7FFC3C5E192595570058AD40 /* CoreGraphics.framework */; };
		7FFC3C61192595570058AD40 /* UIKit.framework in Frameworks */ = {isa = PBXBuildFile; fileRef = 7FFC3C60192595570058AD40 /* UIKit.framework */; };
		7FFC3C67192595570058AD40 /* InfoPlist.strings in Resources */ = {isa = PBXBuildFile; fileRef = 7FFC3C65192595570058AD40 /* InfoPlist.strings */; };
		7FFC3C69192595570058AD40 /* main.m in Sources */ = {isa = PBXBuildFile; fileRef = 7FFC3C68192595570058AD40 /* main.m */; };
		7FFC3C6D192595570058AD40 /* AppDelegate.m in Sources */ = {isa = PBXBuildFile; fileRef = 7FFC3C6C192595570058AD40 /* AppDelegate.m */; };
		7FFC3C70192595570058AD40 /* Main.storyboard in Resources */ = {isa = PBXBuildFile; fileRef = 7FFC3C6E192595570058AD40 /* Main.storyboard */; };
		7FFC3C73192595570058AD40 /* ViewController.m in Sources */ = {isa = PBXBuildFile; fileRef = 7FFC3C72192595570058AD40 /* ViewController.m */; };
		7FFC3C75192595570058AD40 /* Images.xcassets in Resources */ = {isa = PBXBuildFile; fileRef = 7FFC3C74192595570058AD40 /* Images.xcassets */; };
		7FFC3C7C192595570058AD40 /* XCTest.framework in Frameworks */ = {isa = PBXBuildFile; fileRef = 7FFC3C7B192595570058AD40 /* XCTest.framework */; };
		7FFC3C7D192595570058AD40 /* Foundation.framework in Frameworks */ = {isa = PBXBuildFile; fileRef = 7FFC3C5C192595570058AD40 /* Foundation.framework */; };
		7FFC3C7E192595570058AD40 /* UIKit.framework in Frameworks */ = {isa = PBXBuildFile; fileRef = 7FFC3C60192595570058AD40 /* UIKit.framework */; };
		7FFC3C86192595570058AD40 /* InfoPlist.strings in Resources */ = {isa = PBXBuildFile; fileRef = 7FFC3C84192595570058AD40 /* InfoPlist.strings */; };
		7FFC3C88192595570058AD40 /* PagingCollectionViewTests.m in Sources */ = {isa = PBXBuildFile; fileRef = 7FFC3C87192595570058AD40 /* PagingCollectionViewTests.m */; };
/* End PBXBuildFile section */

/* Begin PBXContainerItemProxy section */
		7FFC3C7F192595570058AD40 /* PBXContainerItemProxy */ = {
			isa = PBXContainerItemProxy;
			containerPortal = 7FFC3C51192595570058AD40 /* Project object */;
			proxyType = 1;
			remoteGlobalIDString = 7FFC3C58192595570058AD40;
			remoteInfo = PagingCollectionView;
		};
/* End PBXContainerItemProxy section */

/* Begin PBXFileReference section */
		7FFC3C59192595570058AD40 /* PagingCollectionView.app */ = {isa = PBXFileReference; explicitFileType = wrapper.application; includeInIndex = 0; path = PagingCollectionView.app; sourceTree = BUILT_PRODUCTS_DIR; };
		7FFC3C5C192595570058AD40 /* Foundation.framework */ = {isa = PBXFileReference; lastKnownFileType = wrapper.framework; name = Foundation.framework; path = System/Library/Frameworks/Foundation.framework; sourceTree = SDKROOT; };
		7FFC3C5E192595570058AD40 /* CoreGraphics.framework */ = {isa = PBXFileReference; lastKnownFileType = wrapper.framework; name = CoreGraphics.framework; path = System/Library/Frameworks/CoreGraphics.framework; sourceTree = SDKROOT; };
		7FFC3C60192595570058AD40 /* UIKit.framework */ = {isa = PBXFileReference; lastKnownFileType = wrapper.framework; name = UIKit.framework; path = System/Library/Frameworks/UIKit.framework; sourceTree = SDKROOT; };
		7FFC3C64192595570058AD40 /* PagingCollectionView-Info.plist */ = {isa = PBXFileReference; lastKnownFileType = text.plist.xml; path = "PagingCollectionView-Info.plist"; sourceTree = "<group>"; };
		7FFC3C66192595570058AD40 /* en */ = {isa = PBXFileReference; lastKnownFileType = text.plist.strings; name = en; path = en.lproj/InfoPlist.strings; sourceTree = "<group>"; };
		7FFC3C68192595570058AD40 /* main.m */ = {isa = PBXFileReference; lastKnownFileType = sourcecode.c.objc; path = main.m; sourceTree = "<group>"; };
		7FFC3C6A192595570058AD40 /* PagingCollectionView-Prefix.pch */ = {isa = PBXFileReference; lastKnownFileType = sourcecode.c.h; path = "PagingCollectionView-Prefix.pch"; sourceTree = "<group>"; };
		7FFC3C6B192595570058AD40 /* AppDelegate.h */ = {isa = PBXFileReference; lastKnownFileType = sourcecode.c.h; path = AppDelegate.h; sourceTree = "<group>"; };
		7FFC3C6C192595570058AD40 /* AppDelegate.m */ = {isa = PBXFileReference; lastKnownFileType = sourcecode.c.objc; path = AppDelegate.m; sourceTree = "<group>"; };
		7FFC3C6F192595570058AD40 /* Base */ = {isa = PBXFileReference; lastKnownFileType = file.storyboard; name = Base; path = Base.lproj/Main.storyboard; sourceTree = "<group>"; };
		7FFC3C71192595570058AD40 /* ViewController.h */ = {isa = PBXFileReference; lastKnownFileType = sourcecode.c.h; path = ViewController.h; sourceTree = "<group>"; };
		7FFC3C72192595570058AD40 /* ViewController.m */ = {isa = PBXFileReference; lastKnownFileType = sourcecode.c.objc; path = ViewController.m; sourceTree = "<group>"; };
		7FFC3C74192595570058AD40 /* Images.xcassets */ = {isa = PBXFileReference; lastKnownFileType = folder.assetcatalog; path = Images.xcassets; sourceTree = "<group>"; };
		7FFC3C7A192595570058AD40 /* PagingCollectionViewTests.xctest */ = {isa = PBXFileReference; explicitFileType = wrapper.cfbundle; includeInIndex = 0; path = PagingCollectionViewTests.xctest; sourceTree = BUILT_PRODUCTS_DIR; };
		7FFC3C7B192595570058AD40 /* XCTest.framework */ = {isa = PBXFileReference; lastKnownFileType = wrapper.framework; name = XCTest.framework; path = Library/Frameworks/XCTest.framework; sourceTree = DEVELOPER_DIR; };
		7FFC3C83192595570058AD40 /* PagingCollectionViewTests-Info.plist */ = {isa = PBXFileReference; lastKnownFileType = text.plist.xml; path = "PagingCollectionViewTests-Info.plist"; sourceTree = "<group>"; };
		7FFC3C85192595570058AD40 /* en */ = {isa = PBXFileReference; lastKnownFileType = text.plist.strings; name = en; path = en.lproj/InfoPlist.strings; sourceTree = "<group>"; };
		7FFC3C87192595570058AD40 /* PagingCollectionViewTests.m */ = {isa = PBXFileReference; lastKnownFileType = sourcecode.c.objc; path = PagingCollectionViewTests.m; sourceTree = "<group>"; };
/* End PBXFileReference section */

/* Begin PBXFrameworksBuildPhase section */
		7FFC3C56192595570058AD40 /* Frameworks */ = {
			isa = PBXFrameworksBuildPhase;
			buildActionMask = 2147483647;
			files = (
				7FFC3C5F192595570058AD40 /* CoreGraphics.framework in Frameworks */,
				7FFC3C61192595570058AD40 /* UIKit.framework in Frameworks */,
				7FFC3C5D192595570058AD40 /* Foundation.framework in Frameworks */,
			);
			runOnlyForDeploymentPostprocessing = 0;
		};
		7FFC3C77192595570058AD40 /* Frameworks */ = {
			isa = PBXFrameworksBuildPhase;
			buildActionMask = 2147483647;
			files = (
				7FFC3C7C192595570058AD40 /* XCTest.framework in Frameworks */,
				7FFC3C7E192595570058AD40 /* UIKit.framework in Frameworks */,
				7FFC3C7D192595570058AD40 /* Foundation.framework in Frameworks */,
			);
			runOnlyForDeploymentPostprocessing = 0;
		};
/* End PBXFrameworksBuildPhase section */

/* Begin PBXGroup section */
		7FFC3C50192595570058AD40 = {
			isa = PBXGroup;
			children = (
				7FFC3C62192595570058AD40 /* PagingCollectionView */,
				7FFC3C81192595570058AD40 /* PagingCollectionViewTests */,
				7FFC3C5B192595570058AD40 /* Frameworks */,
				7FFC3C5A192595570058AD40 /* Products */,
			);
			sourceTree = "<group>";
		};
		7FFC3C5A192595570058AD40 /* Products */ = {
			isa = PBXGroup;
			children = (
				7FFC3C59192595570058AD40 /* PagingCollectionView.app */,
				7FFC3C7A192595570058AD40 /* PagingCollectionViewTests.xctest */,
			);
			name = Products;
			sourceTree = "<group>";
		};
		7FFC3C5B192595570058AD40 /* Frameworks */ = {
			isa = PBXGroup;
			children = (
				7FFC3C5C192595570058AD40 /* Foundation.framework */,
				7FFC3C5E192595570058AD40 /* CoreGraphics.framework */,
				7FFC3C60192595570058AD40 /* UIKit.framework */,
				7FFC3C7B192595570058AD40 /* XCTest.framework */,
			);
			name = Frameworks;
			sourceTree = "<group>";
		};
		7FFC3C62192595570058AD40 /* PagingCollectionView */ = {
			isa = PBXGroup;
			children = (
				7FFC3C6B192595570058AD40 /* AppDelegate.h */,
				7FFC3C6C192595570058AD40 /* AppDelegate.m */,
				7FFC3C6E192595570058AD40 /* Main.storyboard */,
				7FFC3C71192595570058AD40 /* ViewController.h */,
				7FFC3C72192595570058AD40 /* ViewController.m */,
				7FFC3C74192595570058AD40 /* Images.xcassets */,
				7FFC3C63192595570058AD40 /* Supporting Files */,
			);
			path = PagingCollectionView;
			sourceTree = "<group>";
		};
		7FFC3C63192595570058AD40 /* Supporting Files */ = {
			isa = PBXGroup;
			children = (
				7FFC3C64192595570058AD40 /* PagingCollectionView-Info.plist */,
				7FFC3C65192595570058AD40 /* InfoPlist.strings */,
				7FFC3C68192595570058AD40 /* main.m */,
				7FFC3C6A192595570058AD40 /* PagingCollectionView-Prefix.pch */,
			);
			name = "Supporting Files";
			sourceTree = "<group>";
		};
		7FFC3C81192595570058AD40 /* PagingCollectionViewTests */ = {
			isa = PBXGroup;
			children = (
				7FFC3C87192595570058AD40 /* PagingCollectionViewTests.m */,
				7FFC3C82192595570058AD40 /* Supporting Files */,
			);
			path = PagingCollectionViewTests;
			sourceTree = "<group>";
		};
		7FFC3C82192595570058AD40 /* Supporting Files */ = {
			isa = PBXGroup;
			children = (
				7FFC3C83192595570058AD40 /* PagingCollectionViewTests-Info.plist */,
				7FFC3C84192595570058AD40 /* InfoPlist.strings */,
			);
			name = "Supporting Files";
			sourceTree = "<group>";
		};
/* End PBXGroup section */

/* Begin PBXNativeTarget section */
		7FFC3C58192595570058AD40 /* PagingCollectionView */ = {
			isa = PBXNativeTarget;
			buildConfigurationList = 7FFC3C8B192595570058AD40 /* Build configuration list for PBXNativeTarget "PagingCollectionView" */;
			buildPhases = (
				7FFC3C55192595570058AD40 /* Sources */,
				7FFC3C56192595570058AD40 /* Frameworks */,
				7FFC3C57192595570058AD40 /* Resources */,
			);
			buildRules = (
			);
			dependencies = (
			);
			name = PagingCollectionView;
			productName = PagingCollectionView;
			productReference = 7FFC3C59192595570058AD40 /* PagingCollectionView.app */;
			productType = "com.apple.product-type.application";
		};
		7FFC3C79192595570058AD40 /* PagingCollectionViewTests */ = {
			isa = PBXNativeTarget;
			buildConfigurationList = 7FFC3C8E192595570058AD40 /* Build configuration list for PBXNativeTarget "PagingCollectionViewTests" */;
			buildPhases = (
				7FFC3C76192595570058AD40 /* Sources */,
				7FFC3C77192595570058AD40 /* Frameworks */,
				7FFC3C78192595570058AD40 /* Resources */,
			);
			buildRules = (
			);
			dependencies = (
				7FFC3C80192595570058AD40 /* PBXTargetDependency */,
			);
			name = PagingCollectionViewTests;
			productName = PagingCollectionViewTests;
			productReference = 7FFC3C7A192595570058AD40 /* PagingCollectionViewTests.xctest */;
			productType = "com.apple.product-type.bundle.unit-test";
		};
/* End PBXNativeTarget section */

/* Begin PBXProject section */
		7FFC3C51192595570058AD40 /* Project object */ = {
			isa = PBXProject;
			attributes = {
				LastUpgradeCheck = 0510;
				TargetAttributes = {
					7FFC3C79192595570058AD40 = {
						TestTargetID = 7FFC3C58192595570058AD40;
					};
				};
			};
			buildConfigurationList = 7FFC3C54192595570058AD40 /* Build configuration list for PBXProject "PagingCollectionView" */;
			compatibilityVersion = "Xcode 3.2";
			developmentRegion = English;
			hasScannedForEncodings = 0;
			knownRegions = (
				en,
				Base,
			);
			mainGroup = 7FFC3C50192595570058AD40;
			productRefGroup = 7FFC3C5A192595570058AD40 /* Products */;
			projectDirPath = "";
			projectRoot = "";
			targets = (
				7FFC3C58192595570058AD40 /* PagingCollectionView */,
				7FFC3C79192595570058AD40 /* PagingCollectionViewTests */,
			);
		};
/* End PBXProject section */

/* Begin PBXResourcesBuildPhase section */
		7FFC3C57192595570058AD40 /* Resources */ = {
			isa = PBXResourcesBuildPhase;
			buildActionMask = 2147483647;
			files = (
				7FFC3C75192595570058AD40 /* Images.xcassets in Resources */,
				7FFC3C67192595570058AD40 /* InfoPlist.strings in Resources */,
				7FFC3C70192595570058AD40 /* Main.storyboard in Resources */,
			);
			runOnlyForDeploymentPostprocessing = 0;
		};
		7FFC3C78192595570058AD40 /* Resources */ = {
			isa = PBXResourcesBuildPhase;
			buildActionMask = 2147483647;
			files = (
				7FFC3C86192595570058AD40 /* InfoPlist.strings in Resources */,
			);
			runOnlyForDeploymentPostprocessing = 0;
		};
/* End PBXResourcesBuildPhase section */

/* Begin PBXSourcesBuildPhase section */
		7FFC3C55192595570058AD40 /* Sources */ = {
			isa = PBXSourcesBuildPhase;
			buildActionMask = 2147483647;
			files = (
				7FFC3C73192595570058AD40 /* ViewController.m in Sources */,
				7FFC3C6D192595570058AD40 /* AppDelegate.m in Sources */,
				7FFC3C69192595570058AD40 /* main.m in Sources */,
			);
			runOnlyForDeploymentPostprocessing = 0;
		};
		7FFC3C76192595570058AD40 /* Sources */ = {
			isa = PBXSourcesBuildPhase;
			buildActionMask = 2147483647;
			files = (
				7FFC3C88192595570058AD40 /* PagingCollectionViewTests.m in Sources */,
			);
			runOnlyForDeploymentPostprocessing = 0;
		};
/* End PBXSourcesBuildPhase section */

/* Begin PBXTargetDependency section */
		7FFC3C80192595570058AD40 /* PBXTargetDependency */ = {
			isa = PBXTargetDependency;
			target = 7FFC3C58192595570058AD40 /* PagingCollectionView */;
			targetProxy = 7FFC3C7F192595570058AD40 /* PBXContainerItemProxy */;
		};
/* End PBXTargetDependency section */

/* Begin PBXVariantGroup section */
		7FFC3C65192595570058AD40 /* InfoPlist.strings */ = {
			isa = PBXVariantGroup;
			children = (
				7FFC3C66192595570058AD40 /* en */,
			);
			name = InfoPlist.strings;
			sourceTree = "<group>";
		};
		7FFC3C6E192595570058AD40 /* Main.storyboard */ = {
			isa = PBXVariantGroup;
			children = (
				7FFC3C6F192595570058AD40 /* Base */,
			);
			name = Main.storyboard;
			sourceTree = "<group>";
		};
		7FFC3C84192595570058AD40 /* InfoPlist.strings */ = {
			isa = PBXVariantGroup;
			children = (
				7FFC3C85192595570058AD40 /* en */,
			);
			name = InfoPlist.strings;
			sourceTree = "<group>";
		};
/* End PBXVariantGroup section */

/* Begin XCBuildConfiguration section */
		7FFC3C89192595570058AD40 /* Debug */ = {
			isa = XCBuildConfiguration;
			buildSettings = {
				ALWAYS_SEARCH_USER_PATHS = NO;
				CLANG_CXX_LANGUAGE_STANDARD = "gnu++0x";
				CLANG_CXX_LIBRARY = "libc++";
				CLANG_ENABLE_MODULES = YES;
				CLANG_ENABLE_OBJC_ARC = YES;
				CLANG_WARN_BOOL_CONVERSION = YES;
				CLANG_WARN_CONSTANT_CONVERSION = YES;
				CLANG_WARN_DIRECT_OBJC_ISA_USAGE = YES_ERROR;
				CLANG_WARN_EMPTY_BODY = YES;
				CLANG_WARN_ENUM_CONVERSION = YES;
				CLANG_WARN_INT_CONVERSION = YES;
				CLANG_WARN_OBJC_ROOT_CLASS = YES_ERROR;
				CLANG_WARN__DUPLICATE_METHOD_MATCH = YES;
				"CODE_SIGN_IDENTITY[sdk=iphoneos*]" = "iPhone Developer";
				COPY_PHASE_STRIP = NO;
				GCC_C_LANGUAGE_STANDARD = gnu99;
				GCC_DYNAMIC_NO_PIC = NO;
				GCC_OPTIMIZATION_LEVEL = 0;
				GCC_PREPROCESSOR_DEFINITIONS = (
					"DEBUG=1",
					"$(inherited)",
				);
				GCC_SYMBOLS_PRIVATE_EXTERN = NO;
				GCC_WARN_64_TO_32_BIT_CONVERSION = YES;
				GCC_WARN_ABOUT_RETURN_TYPE = YES_ERROR;
				GCC_WARN_UNDECLARED_SELECTOR = YES;
				GCC_WARN_UNINITIALIZED_AUTOS = YES_AGGRESSIVE;
				GCC_WARN_UNUSED_FUNCTION = YES;
				GCC_WARN_UNUSED_VARIABLE = YES;
				IPHONEOS_DEPLOYMENT_TARGET = 7.1;
				ONLY_ACTIVE_ARCH = YES;
				SDKROOT = iphoneos;
			};
			name = Debug;
		};
		7FFC3C8A192595570058AD40 /* Release */ = {
			isa = XCBuildConfiguration;
			buildSettings = {
				ALWAYS_SEARCH_USER_PATHS = NO;
				CLANG_CXX_LANGUAGE_STANDARD = "gnu++0x";
				CLANG_CXX_LIBRARY = "libc++";
				CLANG_ENABLE_MODULES = YES;
				CLANG_ENABLE_OBJC_ARC = YES;
				CLANG_WARN_BOOL_CONVERSION = YES;
				CLANG_WARN_CONSTANT_CONVERSION = YES;
				CLANG_WARN_DIRECT_OBJC_ISA_USAGE = YES_ERROR;
				CLANG_WARN_EMPTY_BODY = YES;
				CLANG_WARN_ENUM_CONVERSION = YES;
				CLANG_WARN_INT_CONVERSION = YES;
				CLANG_WARN_OBJC_ROOT_CLASS = YES_ERROR;
				CLANG_WARN__DUPLICATE_METHOD_MATCH = YES;
				"CODE_SIGN_IDENTITY[sdk=iphoneos*]" = "iPhone Developer";
				COPY_PHASE_STRIP = YES;
				ENABLE_NS_ASSERTIONS = NO;
				GCC_C_LANGUAGE_STANDARD = gnu99;
				GCC_WARN_64_TO_32_BIT_CONVERSION = YES;
				GCC_WARN_ABOUT_RETURN_TYPE = YES_ERROR;
				GCC_WARN_UNDECLARED_SELECTOR = YES;
				GCC_WARN_UNINITIALIZED_AUTOS = YES_AGGRESSIVE;
				GCC_WARN_UNUSED_FUNCTION = YES;
				GCC_WARN_UNUSED_VARIABLE = YES;
				IPHONEOS_DEPLOYMENT_TARGET = 7.1;
				SDKROOT = iphoneos;
				VALIDATE_PRODUCT = YES;
			};
			name = Release;
		};
		7FFC3C8C192595570058AD40 /* Debug */ = {
			isa = XCBuildConfiguration;
			buildSettings = {
				ASSETCATALOG_COMPILER_APPICON_NAME = AppIcon;
				ASSETCATALOG_COMPILER_LAUNCHIMAGE_NAME = LaunchImage;
				GCC_PRECOMPILE_PREFIX_HEADER = YES;
				GCC_PREFIX_HEADER = "PagingCollectionView/PagingCollectionView-Prefix.pch";
				INFOPLIST_FILE = "PagingCollectionView/PagingCollectionView-Info.plist";
				PRODUCT_NAME = "$(TARGET_NAME)";
				WRAPPER_EXTENSION = app;
			};
			name = Debug;
		};
		7FFC3C8D192595570058AD40 /* Release */ = {
			isa = XCBuildConfiguration;
			buildSettings = {
				ASSETCATALOG_COMPILER_APPICON_NAME = AppIcon;
				ASSETCATALOG_COMPILER_LAUNCHIMAGE_NAME = LaunchImage;
				GCC_PRECOMPILE_PREFIX_HEADER = YES;
				GCC_PREFIX_HEADER = "PagingCollectionView/PagingCollectionView-Prefix.pch";
				INFOPLIST_FILE = "PagingCollectionView/PagingCollectionView-Info.plist";
				PRODUCT_NAME = "$(TARGET_NAME)";
				WRAPPER_EXTENSION = app;
			};
			name = Release;
		};
		7FFC3C8F192595570058AD40 /* Debug */ = {
			isa = XCBuildConfiguration;
			buildSettings = {
				BUNDLE_LOADER = "$(BUILT_PRODUCTS_DIR)/PagingCollectionView.app/PagingCollectionView";
				FRAMEWORK_SEARCH_PATHS = (
					"$(SDKROOT)/Developer/Library/Frameworks",
					"$(inherited)",
					"$(DEVELOPER_FRAMEWORKS_DIR)",
				);
				GCC_PRECOMPILE_PREFIX_HEADER = YES;
				GCC_PREFIX_HEADER = "PagingCollectionView/PagingCollectionView-Prefix.pch";
				GCC_PREPROCESSOR_DEFINITIONS = (
					"DEBUG=1",
					"$(inherited)",
				);
				INFOPLIST_FILE = "PagingCollectionViewTests/PagingCollectionViewTests-Info.plist";
				PRODUCT_NAME = "$(TARGET_NAME)";
				TEST_HOST = "$(BUNDLE_LOADER)";
				WRAPPER_EXTENSION = xctest;
			};
			name = Debug;
		};
		7FFC3C90192595570058AD40 /* Release */ = {
			isa = XCBuildConfiguration;
			buildSettings = {
				BUNDLE_LOADER = "$(BUILT_PRODUCTS_DIR)/PagingCollectionView.app/PagingCollectionView";
				FRAMEWORK_SEARCH_PATHS = (
					"$(SDKROOT)/Developer/Library/Frameworks",
					"$(inherited)",
					"$(DEVELOPER_FRAMEWORKS_DIR)",
				);
				GCC_PRECOMPILE_PREFIX_HEADER = YES;
				GCC_PREFIX_HEADER = "PagingCollectionView/PagingCollectionView-Prefix.pch";
				INFOPLIST_FILE = "PagingCollectionViewTests/PagingCollectionViewTests-Info.plist";
				PRODUCT_NAME = "$(TARGET_NAME)";
				TEST_HOST = "$(BUNDLE_LOADER)";
				WRAPPER_EXTENSION = xctest;
			};
			name = Release;
		};
/* End XCBuildConfiguration section */

/* Begin XCConfigurationList section */
		7FFC3C54192595570058AD40 /* Build configuration list for PBXProject "PagingCollectionView" */ = {
			isa = XCConfigurationList;
			buildConfigurations = (
				7FFC3C89192595570058AD40 /* Debug */,
				7FFC3C8A192595570058AD40 /* Release */,
			);
			defaultConfigurationIsVisible = 0;
			defaultConfigurationName = Release;
		};
		7FFC3C8B192595570058AD40 /* Build configuration list for PBXNativeTarget "PagingCollectionView" */ = {
			isa = XCConfigurationList;
			buildConfigurations = (
				7FFC3C8C192595570058AD40 /* Debug */,
				7FFC3C8D192595570058AD40 /* Release */,
			);
			defaultConfigurationIsVisible = 0;
		};
		7FFC3C8E192595570058AD40 /* Build configuration list for PBXNativeTarget "PagingCollectionViewTests" */ = {
			isa = XCConfigurationList;
			buildConfigurations = (
				7FFC3C8F192595570058AD40 /* Debug */,
				7FFC3C90192595570058AD40 /* Release */,
			);
			defaultConfigurationIsVisible = 0;
		};
/* End XCConfigurationList section */
	};
	rootObject = 7FFC3C51192595570058AD40 /* Project object */;
}
